
Microsoft Visual Studio Solution File, Format Version 11.00
# Visual Studio 2010
Project("{FAE04EC0-301F-11D3-BF4B-00C04F79EFBC}") = "TFTPproject.TestSuite", "TFTPproject.TestSuite\TFTPproject.TestSuite.csproj", "{73DE4444-3A1E-4AFC-BF2B-E48DA5BE5AED}"
EndProject
Project("{FAE04EC0-301F-11D3-BF4B-00C04F79EFBC}") = "TFTPproject", "TFTPproject\TFTPproject.csproj", "{9C28B64E-B20E-4CF3-8233-C564CFB6B824}"
EndProject
Project("{FAE04EC0-301F-11D3-BF4B-00C04F79EFBC}") = "TFTPproject.TestAdapter", "TFTPproject.TestAdapter\TFTPproject.TestAdapter.csproj", "{49A4F023-A90E-4CE9-A636-6ECFE39C4491}"
EndProject
Global
	GlobalSection(SolutionConfigurationPlatforms) = preSolution
		Debug|Any CPU = Debug|Any CPU
		Release|Any CPU = Release|Any CPU
	EndGlobalSection
	GlobalSection(ProjectConfigurationPlatforms) = postSolution
		{73DE4444-3A1E-4AFC-BF2B-E48DA5BE5AED}.Debug|Any CPU.ActiveCfg = Debug|Any CPU
		{73DE4444-3A1E-4AFC-BF2B-E48DA5BE5AED}.Debug|Any CPU.Build.0 = Debug|Any CPU
		{73DE4444-3A1E-4AFC-BF2B-E48DA5BE5AED}.Release|Any CPU.ActiveCfg = Release|Any CPU
		{73DE4444-3A1E-4AFC-BF2B-E48DA5BE5AED}.Release|Any CPU.Build.0 = Release|Any CPU
		{9C28B64E-B20E-4CF3-8233-C564CFB6B824}.Debug|Any CPU.ActiveCfg = Debug|Any CPU
		{9C28B64E-B20E-4CF3-8233-C564CFB6B824}.Debug|Any CPU.Build.0 = Debug|Any CPU
		{9C28B64E-B20E-4CF3-8233-C564CFB6B824}.Release|Any CPU.ActiveCfg = Release|Any CPU
		{9C28B64E-B20E-4CF3-8233-C564CFB6B824}.Release|Any CPU.Build.0 = Release|Any CPU
		{49A4F023-A90E-4CE9-A636-6ECFE39C4491}.Debug|Any CPU.ActiveCfg = Debug|Any CPU
		{49A4F023-A90E-4CE9-A636-6ECFE39C4491}.Debug|Any CPU.Build.0 = Debug|Any CPU
		{49A4F023-A90E-4CE9-A636-6ECFE39C4491}.Release|Any CPU.ActiveCfg = Release|Any CPU
		{49A4F023-A90E-4CE9-A636-6ECFE39C4491}.Release|Any CPU.Build.0 = Release|Any CPU
	EndGlobalSection
	GlobalSection(SolutionProperties) = preSolution
		HideSolutionNode = FALSE
	EndGlobalSection
	GlobalSection(SpecExplorer.ActivityCompletionStatus) = preSolution
		SpecExplorer.ActivityCompletionStatus = TestExisting: ;ModelFromScratch: CreateAdapter SelectScenarios WriteRules DeclareActions
	EndGlobalSection
EndGlobal
